// !$*UTF8*$!
{
	archiveVersion = 1;
	classes = {
	};
	objectVersion = 56;
	objects = {

/* Begin PBXBuildFile section */
		55510B4B2A94A3A60072D9FF /* RecommendedGlassesCard.swift in Sources */ = {isa = PBXBuildFile; fileRef = 55510B4A2A94A3A60072D9FF /* RecommendedGlassesCard.swift */; };
		55E4D9F72A93B48E0053D6C0 /* FrameGlassesApp.swift in Sources */ = {isa = PBXBuildFile; fileRef = 55E4D9F62A93B48E0053D6C0 /* FrameGlassesApp.swift */; };
		55E4D9F92A93B48E0053D6C0 /* ContentView.swift in Sources */ = {isa = PBXBuildFile; fileRef = 55E4D9F82A93B48E0053D6C0 /* ContentView.swift */; };
		55E4D9FB2A93B48F0053D6C0 /* Assets.xcassets in Resources */ = {isa = PBXBuildFile; fileRef = 55E4D9FA2A93B48F0053D6C0 /* Assets.xcassets */; };
		55E4D9FE2A93B48F0053D6C0 /* Preview Assets.xcassets in Resources */ = {isa = PBXBuildFile; fileRef = 55E4D9FD2A93B48F0053D6C0 /* Preview Assets.xcassets */; };
		55E4DA052A93B78A0053D6C0 /* GlassesModel.swift in Sources */ = {isa = PBXBuildFile; fileRef = 55E4DA042A93B78A0053D6C0 /* GlassesModel.swift */; };
		55E4DA092A93BC750053D6C0 /* GlassesCard.swift in Sources */ = {isa = PBXBuildFile; fileRef = 55E4DA082A93BC750053D6C0 /* GlassesCard.swift */; };
/* End PBXBuildFile section */

/* Begin PBXFileReference section */
		55510B4A2A94A3A60072D9FF /* RecommendedGlassesCard.swift */ = {isa = PBXFileReference; lastKnownFileType = sourcecode.swift; path = RecommendedGlassesCard.swift; sourceTree = "<group>"; };
		55E4D9F32A93B48E0053D6C0 /* FrameGlasses.app */ = {isa = PBXFileReference; explicitFileType = wrapper.application; includeInIndex = 0; path = FrameGlasses.app; sourceTree = BUILT_PRODUCTS_DIR; };
		55E4D9F62A93B48E0053D6C0 /* FrameGlassesApp.swift */ = {isa = PBXFileReference; lastKnownFileType = sourcecode.swift; path = FrameGlassesApp.swift; sourceTree = "<group>"; };
		55E4D9F82A93B48E0053D6C0 /* ContentView.swift */ = {isa = PBXFileReference; lastKnownFileType = sourcecode.swift; path = ContentView.swift; sourceTree = "<group>"; };
		55E4D9FA2A93B48F0053D6C0 /* Assets.xcassets */ = {isa = PBXFileReference; lastKnownFileType = folder.assetcatalog; path = Assets.xcassets; sourceTree = "<group>"; };
		55E4D9FD2A93B48F0053D6C0 /* Preview Assets.xcassets */ = {isa = PBXFileReference; lastKnownFileType = folder.assetcatalog; path = "Preview Assets.xcassets"; sourceTree = "<group>"; };
		55E4DA042A93B78A0053D6C0 /* GlassesModel.swift */ = {isa = PBXFileReference; lastKnownFileType = sourcecode.swift; path = GlassesModel.swift; sourceTree = "<group>"; };
		55E4DA082A93BC750053D6C0 /* GlassesCard.swift */ = {isa = PBXFileReference; lastKnownFileType = sourcecode.swift; path = GlassesCard.swift; sourceTree = "<group>"; };
/* End PBXFileReference section */

/* Begin PBXFrameworksBuildPhase section */
		55E4D9F02A93B48E0053D6C0 /* Frameworks */ = {
			isa = PBXFrameworksBuildPhase;
			buildActionMask = 2147483647;
			files = (
			);
			runOnlyForDeploymentPostprocessing = 0;
		};
/* End PBXFrameworksBuildPhase section */

/* Begin PBXGroup section */
		55E4D9EA2A93B48E0053D6C0 = {
			isa = PBXGroup;
			children = (
				55E4D9F52A93B48E0053D6C0 /* FrameGlasses */,
				55E4D9F42A93B48E0053D6C0 /* Products */,
			);
			sourceTree = "<group>";
		};
		55E4D9F42A93B48E0053D6C0 /* Products */ = {
			isa = PBXGroup;
			children = (
				55E4D9F32A93B48E0053D6C0 /* FrameGlasses.app */,
			);
			name = Products;
			sourceTree = "<group>";
		};
		55E4D9F52A93B48E0053D6C0 /* FrameGlasses */ = {
			isa = PBXGroup;
			children = (
				55E4D9F62A93B48E0053D6C0 /* FrameGlassesApp.swift */,
				55E4D9F82A93B48E0053D6C0 /* ContentView.swift */,
				55510B4A2A94A3A60072D9FF /* RecommendedGlassesCard.swift */,
				55E4DA082A93BC750053D6C0 /* GlassesCard.swift */,
				55E4DA042A93B78A0053D6C0 /* GlassesModel.swift */,
				55E4D9FA2A93B48F0053D6C0 /* Assets.xcassets */,
				55E4D9FC2A93B48F0053D6C0 /* Preview Content */,
			);
			path = FrameGlasses;
			sourceTree = "<group>";
		};
		55E4D9FC2A93B48F0053D6C0 /* Preview Content */ = {
			isa = PBXGroup;
			children = (
				55E4D9FD2A93B48F0053D6C0 /* Preview Assets.xcassets */,
			);
			path = "Preview Content";
			sourceTree = "<group>";
		};
/* End PBXGroup section */

/* Begin PBXNativeTarget section */
		55E4D9F22A93B48E0053D6C0 /* FrameGlasses */ = {
			isa = PBXNativeTarget;
			buildConfigurationList = 55E4DA012A93B48F0053D6C0 /* Build configuration list for PBXNativeTarget "FrameGlasses" */;
			buildPhases = (
				55E4D9EF2A93B48E0053D6C0 /* Sources */,
				55E4D9F02A93B48E0053D6C0 /* Frameworks */,
				55E4D9F12A93B48E0053D6C0 /* Resources */,
			);
			buildRules = (
			);
			dependencies = (
			);
			name = FrameGlasses;
			productName = FrameGlasses;
			productReference = 55E4D9F32A93B48E0053D6C0 /* FrameGlasses.app */;
			productType = "com.apple.product-type.application";
		};
/* End PBXNativeTarget section */

/* Begin PBXProject section */
		55E4D9EB2A93B48E0053D6C0 /* Project object */ = {
			isa = PBXProject;
			attributes = {
				BuildIndependentTargetsInParallel = 1;
				LastSwiftUpdateCheck = 1420;
				LastUpgradeCheck = 1420;
				TargetAttributes = {
					55E4D9F22A93B48E0053D6C0 = {
						CreatedOnToolsVersion = 14.2;
					};
				};
			};
			buildConfigurationList = 55E4D9EE2A93B48E0053D6C0 /* Build configuration list for PBXProject "FrameGlasses" */;
			compatibilityVersion = "Xcode 14.0";
			developmentRegion = en;
			hasScannedForEncodings = 0;
			knownRegions = (
				en,
				Base,
			);
			mainGroup = 55E4D9EA2A93B48E0053D6C0;
			productRefGroup = 55E4D9F42A93B48E0053D6C0 /* Products */;
			projectDirPath = "";
			projectRoot = "";
			targets = (
				55E4D9F22A93B48E0053D6C0 /* FrameGlasses */,
			);
		};
/* End PBXProject section */

/* Begin PBXResourcesBuildPhase section */
		55E4D9F12A93B48E0053D6C0 /* Resources */ = {
			isa = PBXResourcesBuildPhase;
			buildActionMask = 2147483647;
			files = (
				55E4D9FE2A93B48F0053D6C0 /* Preview Assets.xcassets in Resources */,
				55E4D9FB2A93B48F0053D6C0 /* Assets.xcassets in Resources */,
			);
			runOnlyForDeploymentPostprocessing = 0;
		};
/* End PBXResourcesBuildPhase section */

/* Begin PBXSourcesBuildPhase section */
		55E4D9EF2A93B48E0053D6C0 /* Sources */ = {
			isa = PBXSourcesBuildPhase;
			buildActionMask = 2147483647;
			files = (
				55E4DA092A93BC750053D6C0 /* GlassesCard.swift in Sources */,
				55510B4B2A94A3A60072D9FF /* RecommendedGlassesCard.swift in Sources */,
				55E4D9F92A93B48E0053D6C0 /* ContentView.swift in Sources */,
				55E4DA052A93B78A0053D6C0 /* GlassesModel.swift in Sources */,
				55E4D9F72A93B48E0053D6C0 /* FrameGlassesApp.swift in Sources */,
			);
			runOnlyForDeploymentPostprocessing = 0;
		};
/* End PBXSourcesBuildPhase section */

/* Begin XCBuildConfiguration section */
		55E4D9FF2A93B48F0053D6C0 /* Debug */ = {
			isa = XCBuildConfiguration;
			buildSettings = {
				ALWAYS_SEARCH_USER_PATHS = NO;
				CLANG_ANALYZER_NONNULL = YES;
				CLANG_ANALYZER_NUMBER_OBJECT_CONVERSION = YES_AGGRESSIVE;
				CLANG_CXX_LANGUAGE_STANDARD = "gnu++20";
				CLANG_ENABLE_MODULES = YES;
				CLANG_ENABLE_OBJC_ARC = YES;
				CLANG_ENABLE_OBJC_WEAK = YES;
				CLANG_WARN_BLOCK_CAPTURE_AUTORELEASING = YES;
				CLANG_WARN_BOOL_CONVERSION = YES;
				CLANG_WARN_COMMA = YES;
				CLANG_WARN_CONSTANT_CONVERSION = YES;
				CLANG_WARN_DEPRECATED_OBJC_IMPLEMENTATIONS = YES;
				CLANG_WARN_DIRECT_OBJC_ISA_USAGE = YES_ERROR;
				CLANG_WARN_DOCUMENTATION_COMMENTS = YES;
				CLANG_WARN_EMPTY_BODY = YES;
				CLANG_WARN_ENUM_CONVERSION = YES;
				CLANG_WARN_INFINITE_RECURSION = YES;
				CLANG_WARN_INT_CONVERSION = YES;
				CLANG_WARN_NON_LITERAL_NULL_CONVERSION = YES;
				CLANG_WARN_OBJC_IMPLICIT_RETAIN_SELF = YES;
				CLANG_WARN_OBJC_LITERAL_CONVERSION = YES;
				CLANG_WARN_OBJC_ROOT_CLASS = YES_ERROR;
				CLANG_WARN_QUOTED_INCLUDE_IN_FRAMEWORK_HEADER = YES;
				CLANG_WARN_RANGE_LOOP_ANALYSIS = YES;
				CLANG_WARN_STRICT_PROTOTYPES = YES;
				CLANG_WARN_SUSPICIOUS_MOVE = YES;
				CLANG_WARN_UNGUARDED_AVAILABILITY = YES_AGGRESSIVE;
				CLANG_WARN_UNREACHABLE_CODE = YES;
				CLANG_WARN__DUPLICATE_METHOD_MATCH = YES;
				COPY_PHASE_STRIP = NO;
				DEBUG_INFORMATION_FORMAT = dwarf;
				ENABLE_STRICT_OBJC_MSGSEND = YES;
				ENABLE_TESTABILITY = YES;
				GCC_C_LANGUAGE_STANDARD = gnu11;
				GCC_DYNAMIC_NO_PIC = NO;
				GCC_NO_COMMON_BLOCKS = YES;
				GCC_OPTIMIZATION_LEVEL = 0;
				GCC_PREPROCESSOR_DEFINITIONS = (
					"DEBUG=1",
					"$(inherited)",
				);
				GCC_WARN_64_TO_32_BIT_CONVERSION = YES;
				GCC_WARN_ABOUT_RETURN_TYPE = YES_ERROR;
				GCC_WARN_UNDECLARED_SELECTOR = YES;
				GCC_WARN_UNINITIALIZED_AUTOS = YES_AGGRESSIVE;
				GCC_WARN_UNUSED_FUNCTION = YES;
				GCC_WARN_UNUSED_VARIABLE = YES;
				IPHONEOS_DEPLOYMENT_TARGET = 16.2;
				MTL_ENABLE_DEBUG_INFO = INCLUDE_SOURCE;
				MTL_FAST_MATH = YES;
				ONLY_ACTIVE_ARCH = YES;
				SDKROOT = iphoneos;
				SWIFT_ACTIVE_COMPILATION_CONDITIONS = DEBUG;
				SWIFT_OPTIMIZATION_LEVEL = "-Onone";
			};
			name = Debug;
		};
		55E4DA002A93B48F0053D6C0 /* Release */ = {
			isa = XCBuildConfiguration;
			buildSettings = {
				ALWAYS_SEARCH_USER_PATHS = NO;
				CLANG_ANALYZER_NONNULL = YES;
				CLANG_ANALYZER_NUMBER_OBJECT_CONVERSION = YES_AGGRESSIVE;
				CLANG_CXX_LANGUAGE_STANDARD = "gnu++20";
				CLANG_ENABLE_MODULES = YES;
				CLANG_ENABLE_OBJC_ARC = YES;
				CLANG_ENABLE_OBJC_WEAK = YES;
				CLANG_WARN_BLOCK_CAPTURE_AUTORELEASING = YES;
				CLANG_WARN_BOOL_CONVERSION = YES;
				CLANG_WARN_COMMA = YES;
				CLANG_WARN_CONSTANT_CONVERSION = YES;
				CLANG_WARN_DEPRECATED_OBJC_IMPLEMENTATIONS = YES;
				CLANG_WARN_DIRECT_OBJC_ISA_USAGE = YES_ERROR;
				CLANG_WARN_DOCUMENTATION_COMMENTS = YES;
				CLANG_WARN_EMPTY_BODY = YES;
				CLANG_WARN_ENUM_CONVERSION = YES;
				CLANG_WARN_INFINITE_RECURSION = YES;
				CLANG_WARN_INT_CONVERSION = YES;
				CLANG_WARN_NON_LITERAL_NULL_CONVERSION = YES;
				CLANG_WARN_OBJC_IMPLICIT_RETAIN_SELF = YES;
				CLANG_WARN_OBJC_LITERAL_CONVERSION = YES;
				CLANG_WARN_OBJC_ROOT_CLASS = YES_ERROR;
				CLANG_WARN_QUOTED_INCLUDE_IN_FRAMEWORK_HEADER = YES;
				CLANG_WARN_RANGE_LOOP_ANALYSIS = YES;
				CLANG_WARN_STRICT_PROTOTYPES = YES;
				CLANG_WARN_SUSPICIOUS_MOVE = YES;
				CLANG_WARN_UNGUARDED_AVAILABILITY = YES_AGGRESSIVE;
				CLANG_WARN_UNREACHABLE_CODE = YES;
				CLANG_WARN__DUPLICATE_METHOD_MATCH = YES;
				COPY_PHASE_STRIP = NO;
				DEBUG_INFORMATION_FORMAT = "dwarf-with-dsym";
				ENABLE_NS_ASSERTIONS = NO;
				ENABLE_STRICT_OBJC_MSGSEND = YES;
				GCC_C_LANGUAGE_STANDARD = gnu11;
				GCC_NO_COMMON_BLOCKS = YES;
				GCC_WARN_64_TO_32_BIT_CONVERSION = YES;
				GCC_WARN_ABOUT_RETURN_TYPE = YES_ERROR;
				GCC_WARN_UNDECLARED_SELECTOR = YES;
				GCC_WARN_UNINITIALIZED_AUTOS = YES_AGGRESSIVE;
				GCC_WARN_UNUSED_FUNCTION = YES;
				GCC_WARN_UNUSED_VARIABLE = YES;
				IPHONEOS_DEPLOYMENT_TARGET = 16.2;
				MTL_ENABLE_DEBUG_INFO = NO;
				MTL_FAST_MATH = YES;
				SDKROOT = iphoneos;
				SWIFT_COMPILATION_MODE = wholemodule;
				SWIFT_OPTIMIZATION_LEVEL = "-O";
				VALIDATE_PRODUCT = YES;
			};
			name = Release;
		};
		55E4DA022A93B48F0053D6C0 /* Debug */ = {
			isa = XCBuildConfiguration;
			buildSettings = {
				ASSETCATALOG_COMPILER_APPICON_NAME = AppIcon;
				ASSETCATALOG_COMPILER_GLOBAL_ACCENT_COLOR_NAME = AccentColor;
				CODE_SIGN_STYLE = Automatic;
				CURRENT_PROJECT_VERSION = 1;
				DEVELOPMENT_ASSET_PATHS = "\"FrameGlasses/Preview Content\"";
				DEVELOPMENT_TEAM = 3Z7W76VADF;
				ENABLE_PREVIEWS = YES;
				GENERATE_INFOPLIST_FILE = YES;
				INFOPLIST_KEY_UIApplicationSceneManifest_Generation = YES;
				INFOPLIST_KEY_UIApplicationSupportsIndirectInputEvents = YES;
				INFOPLIST_KEY_UILaunchScreen_Generation = YES;
				INFOPLIST_KEY_UISupportedInterfaceOrientations_iPad = "UIInterfaceOrientationPortrait UIInterfaceOrientationPortraitUpsideDown UIInterfaceOrientationLandscapeLeft UIInterfaceOrientationLandscapeRight";
				INFOPLIST_KEY_UISupportedInterfaceOrientations_iPhone = "UIInterfaceOrientationPortrait UIInterfaceOrientationLandscapeLeft UIInterfaceOrientationLandscapeRight";
				LD_RUNPATH_SEARCH_PATHS = (
					"$(inherited)",
					"@executable_path/Frameworks",
				);
				MARKETING_VERSION = 1.0;
				PRODUCT_BUNDLE_IDENTIFIER = Anisya.FrameGlasses;
				PRODUCT_NAME = "$(TARGET_NAME)";
				SWIFT_EMIT_LOC_STRINGS = YES;
				SWIFT_VERSION = 5.0;
				TARGETED_DEVICE_FAMILY = "1,2";
			};
			name = Debug;
		};
		55E4DA032A93B48F0053D6C0 /* Release */ = {
			isa = XCBuildConfiguration;
			buildSettings = {
				ASSETCATALOG_COMPILER_APPICON_NAME = AppIcon;
				ASSETCATALOG_COMPILER_GLOBAL_ACCENT_COLOR_NAME = AccentColor;
				CODE_SIGN_STYLE = Automatic;
				CURRENT_PROJECT_VERSION = 1;
				DEVELOPMENT_ASSET_PATHS = "\"FrameGlasses/Preview Content\"";
				DEVELOPMENT_TEAM = 3Z7W76VADF;
				ENABLE_PREVIEWS = YES;
				GENERATE_INFOPLIST_FILE = YES;
				INFOPLIST_KEY_UIApplicationSceneManifest_Generation = YES;
				INFOPLIST_KEY_UIApplicationSupportsIndirectInputEvents = YES;
				INFOPLIST_KEY_UILaunchScreen_Generation = YES;
				INFOPLIST_KEY_UISupportedInterfaceOrientations_iPad = "UIInterfaceOrientationPortrait UIInterfaceOrientationPortraitUpsideDown UIInterfaceOrientationLandscapeLeft UIInterfaceOrientationLandscapeRight";
				INFOPLIST_KEY_UISupportedInterfaceOrientations_iPhone = "UIInterfaceOrientationPortrait UIInterfaceOrientationLandscapeLeft UIInterfaceOrientationLandscapeRight";
				LD_RUNPATH_SEARCH_PATHS = (
					"$(inherited)",
					"@executable_path/Frameworks",
				);
				MARKETING_VERSION = 1.0;
				PRODUCT_BUNDLE_IDENTIFIER = Anisya.FrameGlasses;
				PRODUCT_NAME = "$(TARGET_NAME)";
				SWIFT_EMIT_LOC_STRINGS = YES;
				SWIFT_VERSION = 5.0;
				TARGETED_DEVICE_FAMILY = "1,2";
			};
			name = Release;
		};
/* End XCBuildConfiguration section */

/* Begin XCConfigurationList section */
		55E4D9EE2A93B48E0053D6C0 /* Build configuration list for PBXProject "FrameGlasses" */ = {
			isa = XCConfigurationList;
			buildConfigurations = (
				55E4D9FF2A93B48F0053D6C0 /* Debug */,
				55E4DA002A93B48F0053D6C0 /* Release */,
			);
			defaultConfigurationIsVisible = 0;
			defaultConfigurationName = Release;
		};
		55E4DA012A93B48F0053D6C0 /* Build configuration list for PBXNativeTarget "FrameGlasses" */ = {
			isa = XCConfigurationList;
			buildConfigurations = (
				55E4DA022A93B48F0053D6C0 /* Debug */,
				55E4DA032A93B48F0053D6C0 /* Release */,
			);
			defaultConfigurationIsVisible = 0;
			defaultConfigurationName = Release;
		};
/* End XCConfigurationList section */
	};
	rootObject = 55E4D9EB2A93B48E0053D6C0 /* Project object */;
}
